// !$*UTF8*$!
{
	archiveVersion = 1;
	classes = {
	};
	objectVersion = 77;
	objects = {

/* Begin PBXBuildFile section */
		B10000000000000000000012 /* MHAppRuntime in Frameworks */ = {isa = PBXBuildFile; productRef = B10000000000000000000013 /* MHAppRuntime */; };
		B10000000000000000000001 /* MHDeepLinking in Frameworks */ = {isa = PBXBuildFile; productRef = B10000000000000000000005 /* MHDeepLinking */; };
		B10000000000000000000002 /* MHNotificationPlans in Frameworks */ = {isa = PBXBuildFile; productRef = B10000000000000000000006 /* MHNotificationPlans */; };
		B10000000000000000000003 /* MHMutationFlow in Frameworks */ = {isa = PBXBuildFile; productRef = B10000000000000000000007 /* MHMutationFlow */; };
		B10000000000000000000008 /* MHPreferences in Frameworks */ = {isa = PBXBuildFile; productRef = B10000000000000000000009 /* MHPreferences */; };
		B1000000000000000000000A /* MHNotificationPayloads in Frameworks */ = {isa = PBXBuildFile; productRef = B1000000000000000000000B /* MHNotificationPayloads */; };
		B1000000000000000000000C /* MHRouteExecution in Frameworks */ = {isa = PBXBuildFile; productRef = B1000000000000000000000D /* MHRouteExecution */; };
		B1000000000000000000000E /* MHPersistenceMaintenance in Frameworks */ = {isa = PBXBuildFile; productRef = B1000000000000000000000F /* MHPersistenceMaintenance */; };
		B10000000000000000000010 /* MHReviewPolicy in Frameworks */ = {isa = PBXBuildFile; productRef = B10000000000000000000011 /* MHReviewPolicy */; };
		B10000000000000000000015 /* MHLogging in Frameworks */ = {isa = PBXBuildFile; productRef = B10000000000000000000014 /* MHLogging */; };
/* End PBXBuildFile section */

/* Begin PBXFileReference section */
		ADC37BA02F5869FF000178F8 /* MHPlatformExample.app */ = {isa = PBXFileReference; explicitFileType = wrapper.application; includeInIndex = 0; path = MHPlatformExample.app; sourceTree = BUILT_PRODUCTS_DIR; };
/* End PBXFileReference section */

/* Begin PBXFileSystemSynchronizedRootGroup section */
		ADC37BA22F5869FF000178F8 /* MHPlatformExample */ = {
			isa = PBXFileSystemSynchronizedRootGroup;
			path = MHPlatformExample;
			sourceTree = "<group>";
		};
/* End PBXFileSystemSynchronizedRootGroup section */

/* Begin PBXFrameworksBuildPhase section */
		ADC37B9D2F5869FF000178F8 /* Frameworks */ = {
			isa = PBXFrameworksBuildPhase;
			buildActionMask = 2147483647;
			files = (
				B10000000000000000000012 /* MHAppRuntime in Frameworks */,
				B10000000000000000000001 /* MHDeepLinking in Frameworks */,
				B10000000000000000000002 /* MHNotificationPlans in Frameworks */,
				B1000000000000000000000A /* MHNotificationPayloads in Frameworks */,
				B10000000000000000000003 /* MHMutationFlow in Frameworks */,
				B1000000000000000000000C /* MHRouteExecution in Frameworks */,
				B1000000000000000000000E /* MHPersistenceMaintenance in Frameworks */,
				B10000000000000000000008 /* MHPreferences in Frameworks */,
				B10000000000000000000010 /* MHReviewPolicy in Frameworks */,
				B10000000000000000000015 /* MHLogging in Frameworks */,
			);
			runOnlyForDeploymentPostprocessing = 0;
		};
/* End PBXFrameworksBuildPhase section */

/* Begin PBXGroup section */
		ADC37B972F5869FF000178F8 = {
			isa = PBXGroup;
			children = (
				ADC37BA22F5869FF000178F8 /* MHPlatformExample */,
				ADC37BA12F5869FF000178F8 /* Products */,
			);
			sourceTree = "<group>";
		};
		ADC37BA12F5869FF000178F8 /* Products */ = {
			isa = PBXGroup;
			children = (
				ADC37BA02F5869FF000178F8 /* MHPlatformExample.app */,
			);
			name = Products;
			sourceTree = "<group>";
		};
/* End PBXGroup section */

/* Begin PBXNativeTarget section */
		ADC37B9F2F5869FF000178F8 /* MHPlatformExample */ = {
			isa = PBXNativeTarget;
			buildConfigurationList = ADC37BAD2F586A00000178F8 /* Build configuration list for PBXNativeTarget "MHPlatformExample" */;
			buildPhases = (
				ADC37B9C2F5869FF000178F8 /* Sources */,
				ADC37B9D2F5869FF000178F8 /* Frameworks */,
				ADC37B9E2F5869FF000178F8 /* Resources */,
			);
			buildRules = (
			);
			dependencies = (
			);
			fileSystemSynchronizedGroups = (
				ADC37BA22F5869FF000178F8 /* MHPlatformExample */,
			);
			name = MHPlatformExample;
			packageProductDependencies = (
				B10000000000000000000013 /* MHAppRuntime */,
				B10000000000000000000005 /* MHDeepLinking */,
				B10000000000000000000006 /* MHNotificationPlans */,
				B1000000000000000000000B /* MHNotificationPayloads */,
				B10000000000000000000007 /* MHMutationFlow */,
				B1000000000000000000000D /* MHRouteExecution */,
				B1000000000000000000000F /* MHPersistenceMaintenance */,
				B10000000000000000000009 /* MHPreferences */,
				B10000000000000000000011 /* MHReviewPolicy */,
				B10000000000000000000014 /* MHLogging */,
			);
			productName = MHPlatformExample;
			productReference = ADC37BA02F5869FF000178F8 /* MHPlatformExample.app */;
			productType = "com.apple.product-type.application";
		};
/* End PBXNativeTarget section */

/* Begin PBXProject section */
		ADC37B982F5869FF000178F8 /* Project object */ = {
			isa = PBXProject;
			attributes = {
				BuildIndependentTargetsInParallel = 1;
				LastSwiftUpdateCheck = 2630;
				LastUpgradeCheck = 2630;
				TargetAttributes = {
					ADC37B9F2F5869FF000178F8 = {
						CreatedOnToolsVersion = 26.3;
					};
				};
			};
			buildConfigurationList = ADC37B9B2F5869FF000178F8 /* Build configuration list for PBXProject "MHPlatformExample" */;
			developmentRegion = en;
			hasScannedForEncodings = 0;
			knownRegions = (
				en,
				Base,
			);
			mainGroup = ADC37B972F5869FF000178F8;
			minimizedProjectReferenceProxies = 1;
			packageReferences = (
				B10000000000000000000004 /* XCLocalSwiftPackageReference ".." */,
			);
			preferredProjectObjectVersion = 77;
			productRefGroup = ADC37BA12F5869FF000178F8 /* Products */;
			projectDirPath = "";
			projectRoot = "";
			targets = (
				ADC37B9F2F5869FF000178F8 /* MHPlatformExample */,
			);
		};
/* End PBXProject section */

/* Begin PBXResourcesBuildPhase section */
		ADC37B9E2F5869FF000178F8 /* Resources */ = {
			isa = PBXResourcesBuildPhase;
			buildActionMask = 2147483647;
			files = (
			);
			runOnlyForDeploymentPostprocessing = 0;
		};
/* End PBXResourcesBuildPhase section */

/* Begin PBXSourcesBuildPhase section */
		ADC37B9C2F5869FF000178F8 /* Sources */ = {
			isa = PBXSourcesBuildPhase;
			buildActionMask = 2147483647;
			files = (
			);
			runOnlyForDeploymentPostprocessing = 0;
		};
/* End PBXSourcesBuildPhase section */

/* Begin XCBuildConfiguration section */
		ADC37BAB2F586A00000178F8 /* Debug */ = {
			isa = XCBuildConfiguration;
			buildSettings = {
				ALWAYS_SEARCH_USER_PATHS = NO;
				ASSETCATALOG_COMPILER_GENERATE_SWIFT_ASSET_SYMBOL_EXTENSIONS = YES;
				CLANG_ANALYZER_NONNULL = YES;
				CLANG_ANALYZER_NUMBER_OBJECT_CONVERSION = YES_AGGRESSIVE;
				CLANG_CXX_LANGUAGE_STANDARD = "gnu++20";
				CLANG_ENABLE_MODULES = YES;
				CLANG_ENABLE_OBJC_ARC = YES;
				CLANG_ENABLE_OBJC_WEAK = YES;
				CLANG_WARN_BLOCK_CAPTURE_AUTORELEASING = YES;
				CLANG_WARN_BOOL_CONVERSION = YES;
				CLANG_WARN_COMMA = YES;
				CLANG_WARN_CONSTANT_CONVERSION = YES;
				CLANG_WARN_DEPRECATED_OBJC_IMPLEMENTATIONS = YES;
				CLANG_WARN_DIRECT_OBJC_ISA_USAGE = YES_ERROR;
				CLANG_WARN_DOCUMENTATION_COMMENTS = YES;
				CLANG_WARN_EMPTY_BODY = YES;
				CLANG_WARN_ENUM_CONVERSION = YES;
				CLANG_WARN_INFINITE_RECURSION = YES;
				CLANG_WARN_INT_CONVERSION = YES;
				CLANG_WARN_NON_LITERAL_NULL_CONVERSION = YES;
				CLANG_WARN_OBJC_IMPLICIT_RETAIN_SELF = YES;
				CLANG_WARN_OBJC_LITERAL_CONVERSION = YES;
				CLANG_WARN_OBJC_ROOT_CLASS = YES_ERROR;
				CLANG_WARN_QUOTED_INCLUDE_IN_FRAMEWORK_HEADER = YES;
				CLANG_WARN_RANGE_LOOP_ANALYSIS = YES;
				CLANG_WARN_STRICT_PROTOTYPES = YES;
				CLANG_WARN_SUSPICIOUS_MOVE = YES;
				CLANG_WARN_UNGUARDED_AVAILABILITY = YES_AGGRESSIVE;
				CLANG_WARN_UNREACHABLE_CODE = YES;
				CLANG_WARN__DUPLICATE_METHOD_MATCH = YES;
				COPY_PHASE_STRIP = NO;
				DEBUG_INFORMATION_FORMAT = dwarf;
				DEVELOPMENT_TEAM = 66PKF55HK5;
				ENABLE_STRICT_OBJC_MSGSEND = YES;
				ENABLE_TESTABILITY = YES;
				ENABLE_USER_SCRIPT_SANDBOXING = YES;
				GCC_C_LANGUAGE_STANDARD = gnu17;
				GCC_DYNAMIC_NO_PIC = NO;
				GCC_NO_COMMON_BLOCKS = YES;
				GCC_OPTIMIZATION_LEVEL = 0;
				GCC_PREPROCESSOR_DEFINITIONS = (
					"DEBUG=1",
					"$(inherited)",
				);
				GCC_WARN_64_TO_32_BIT_CONVERSION = YES;
				GCC_WARN_ABOUT_RETURN_TYPE = YES_ERROR;
				GCC_WARN_UNDECLARED_SELECTOR = YES;
				GCC_WARN_UNINITIALIZED_AUTOS = YES_AGGRESSIVE;
				GCC_WARN_UNUSED_FUNCTION = YES;
				GCC_WARN_UNUSED_VARIABLE = YES;
				LOCALIZATION_PREFERS_STRING_CATALOGS = YES;
				MTL_ENABLE_DEBUG_INFO = INCLUDE_SOURCE;
				MTL_FAST_MATH = YES;
				ONLY_ACTIVE_ARCH = YES;
				SWIFT_ACTIVE_COMPILATION_CONDITIONS = "DEBUG $(inherited)";
				SWIFT_OPTIMIZATION_LEVEL = "-Onone";
			};
			name = Debug;
		};
		ADC37BAC2F586A00000178F8 /* Release */ = {
			isa = XCBuildConfiguration;
			buildSettings = {
				ALWAYS_SEARCH_USER_PATHS = NO;
				ASSETCATALOG_COMPILER_GENERATE_SWIFT_ASSET_SYMBOL_EXTENSIONS = YES;
				CLANG_ANALYZER_NONNULL = YES;
				CLANG_ANALYZER_NUMBER_OBJECT_CONVERSION = YES_AGGRESSIVE;
				CLANG_CXX_LANGUAGE_STANDARD = "gnu++20";
				CLANG_ENABLE_MODULES = YES;
				CLANG_ENABLE_OBJC_ARC = YES;
				CLANG_ENABLE_OBJC_WEAK = YES;
				CLANG_WARN_BLOCK_CAPTURE_AUTORELEASING = YES;
				CLANG_WARN_BOOL_CONVERSION = YES;
				CLANG_WARN_COMMA = YES;
				CLANG_WARN_CONSTANT_CONVERSION = YES;
				CLANG_WARN_DEPRECATED_OBJC_IMPLEMENTATIONS = YES;
				CLANG_WARN_DIRECT_OBJC_ISA_USAGE = YES_ERROR;
				CLANG_WARN_DOCUMENTATION_COMMENTS = YES;
				CLANG_WARN_EMPTY_BODY = YES;
				CLANG_WARN_ENUM_CONVERSION = YES;
				CLANG_WARN_INFINITE_RECURSION = YES;
				CLANG_WARN_INT_CONVERSION = YES;
				CLANG_WARN_NON_LITERAL_NULL_CONVERSION = YES;
				CLANG_WARN_OBJC_IMPLICIT_RETAIN_SELF = YES;
				CLANG_WARN_OBJC_LITERAL_CONVERSION = YES;
				CLANG_WARN_OBJC_ROOT_CLASS = YES_ERROR;
				CLANG_WARN_QUOTED_INCLUDE_IN_FRAMEWORK_HEADER = YES;
				CLANG_WARN_RANGE_LOOP_ANALYSIS = YES;
				CLANG_WARN_STRICT_PROTOTYPES = YES;
				CLANG_WARN_SUSPICIOUS_MOVE = YES;
				CLANG_WARN_UNGUARDED_AVAILABILITY = YES_AGGRESSIVE;
				CLANG_WARN_UNREACHABLE_CODE = YES;
				CLANG_WARN__DUPLICATE_METHOD_MATCH = YES;
				COPY_PHASE_STRIP = NO;
				DEBUG_INFORMATION_FORMAT = "dwarf-with-dsym";
				DEVELOPMENT_TEAM = 66PKF55HK5;
				ENABLE_NS_ASSERTIONS = NO;
				ENABLE_STRICT_OBJC_MSGSEND = YES;
				ENABLE_USER_SCRIPT_SANDBOXING = YES;
				GCC_C_LANGUAGE_STANDARD = gnu17;
				GCC_NO_COMMON_BLOCKS = YES;
				GCC_WARN_64_TO_32_BIT_CONVERSION = YES;
				GCC_WARN_ABOUT_RETURN_TYPE = YES_ERROR;
				GCC_WARN_UNDECLARED_SELECTOR = YES;
				GCC_WARN_UNINITIALIZED_AUTOS = YES_AGGRESSIVE;
				GCC_WARN_UNUSED_FUNCTION = YES;
				GCC_WARN_UNUSED_VARIABLE = YES;
				LOCALIZATION_PREFERS_STRING_CATALOGS = YES;
				MTL_ENABLE_DEBUG_INFO = NO;
				MTL_FAST_MATH = YES;
				SWIFT_COMPILATION_MODE = wholemodule;
			};
			name = Release;
		};
		ADC37BAE2F586A00000178F8 /* Debug */ = {
			isa = XCBuildConfiguration;
			buildSettings = {
				ASSETCATALOG_COMPILER_APPICON_NAME = AppIcon;
				ASSETCATALOG_COMPILER_GLOBAL_ACCENT_COLOR_NAME = AccentColor;
				CODE_SIGN_STYLE = Automatic;
				CURRENT_PROJECT_VERSION = 1;
				DEVELOPMENT_TEAM = 66PKF55HK5;
				ENABLE_APP_SANDBOX = YES;
				ENABLE_HARDENED_RUNTIME = YES;
				ENABLE_PREVIEWS = YES;
				ENABLE_USER_SELECTED_FILES = readonly;
				GENERATE_INFOPLIST_FILE = YES;
				"INFOPLIST_KEY_UIApplicationSceneManifest_Generation[sdk=iphoneos*]" = YES;
				"INFOPLIST_KEY_UIApplicationSceneManifest_Generation[sdk=iphonesimulator*]" = YES;
				"INFOPLIST_KEY_UIApplicationSupportsIndirectInputEvents[sdk=iphoneos*]" = YES;
				"INFOPLIST_KEY_UIApplicationSupportsIndirectInputEvents[sdk=iphonesimulator*]" = YES;
				"INFOPLIST_KEY_UILaunchScreen_Generation[sdk=iphoneos*]" = YES;
				"INFOPLIST_KEY_UILaunchScreen_Generation[sdk=iphonesimulator*]" = YES;
				"INFOPLIST_KEY_UIStatusBarStyle[sdk=iphoneos*]" = UIStatusBarStyleDefault;
				"INFOPLIST_KEY_UIStatusBarStyle[sdk=iphonesimulator*]" = UIStatusBarStyleDefault;
				INFOPLIST_KEY_UISupportedInterfaceOrientations_iPad = "UIInterfaceOrientationPortrait UIInterfaceOrientationPortraitUpsideDown UIInterfaceOrientationLandscapeLeft UIInterfaceOrientationLandscapeRight";
				INFOPLIST_KEY_UISupportedInterfaceOrientations_iPhone = "UIInterfaceOrientationPortrait UIInterfaceOrientationLandscapeLeft UIInterfaceOrientationLandscapeRight";
				IPHONEOS_DEPLOYMENT_TARGET = 18.0;
				LD_RUNPATH_SEARCH_PATHS = "@executable_path/Frameworks";
				"LD_RUNPATH_SEARCH_PATHS[sdk=macosx*]" = "@executable_path/../Frameworks";
				MACOSX_DEPLOYMENT_TARGET = 15.0;
				MARKETING_VERSION = 1.0;
				PRODUCT_BUNDLE_IDENTIFIER = com.muhiro12.MHPlatformExample;
				PRODUCT_NAME = "$(TARGET_NAME)";
				REGISTER_APP_GROUPS = YES;
				SDKROOT = auto;
				STRING_CATALOG_GENERATE_SYMBOLS = YES;
				SUPPORTED_PLATFORMS = "iphoneos iphonesimulator macosx xros xrsimulator";
				SWIFT_APPROACHABLE_CONCURRENCY = YES;
				SWIFT_DEFAULT_ACTOR_ISOLATION = MainActor;
				SWIFT_EMIT_LOC_STRINGS = YES;
				SWIFT_UPCOMING_FEATURE_MEMBER_IMPORT_VISIBILITY = YES;
				SWIFT_VERSION = 6.0;
				TARGETED_DEVICE_FAMILY = "1,2,7";
				XROS_DEPLOYMENT_TARGET = 26.2;
			};
			name = Debug;
		};
		ADC37BAF2F586A00000178F8 /* Release */ = {
			isa = XCBuildConfiguration;
			buildSettings = {
				ASSETCATALOG_COMPILER_APPICON_NAME = AppIcon;
				ASSETCATALOG_COMPILER_GLOBAL_ACCENT_COLOR_NAME = AccentColor;
				CODE_SIGN_STYLE = Automatic;
				CURRENT_PROJECT_VERSION = 1;
				DEVELOPMENT_TEAM = 66PKF55HK5;
				ENABLE_APP_SANDBOX = YES;
				ENABLE_HARDENED_RUNTIME = YES;
				ENABLE_PREVIEWS = YES;
				ENABLE_USER_SELECTED_FILES = readonly;
				GENERATE_INFOPLIST_FILE = YES;
				"INFOPLIST_KEY_UIApplicationSceneManifest_Generation[sdk=iphoneos*]" = YES;
				"INFOPLIST_KEY_UIApplicationSceneManifest_Generation[sdk=iphonesimulator*]" = YES;
				"INFOPLIST_KEY_UIApplicationSupportsIndirectInputEvents[sdk=iphoneos*]" = YES;
				"INFOPLIST_KEY_UIApplicationSupportsIndirectInputEvents[sdk=iphonesimulator*]" = YES;
				"INFOPLIST_KEY_UILaunchScreen_Generation[sdk=iphoneos*]" = YES;
				"INFOPLIST_KEY_UILaunchScreen_Generation[sdk=iphonesimulator*]" = YES;
				"INFOPLIST_KEY_UIStatusBarStyle[sdk=iphoneos*]" = UIStatusBarStyleDefault;
				"INFOPLIST_KEY_UIStatusBarStyle[sdk=iphonesimulator*]" = UIStatusBarStyleDefault;
				INFOPLIST_KEY_UISupportedInterfaceOrientations_iPad = "UIInterfaceOrientationPortrait UIInterfaceOrientationPortraitUpsideDown UIInterfaceOrientationLandscapeLeft UIInterfaceOrientationLandscapeRight";
				INFOPLIST_KEY_UISupportedInterfaceOrientations_iPhone = "UIInterfaceOrientationPortrait UIInterfaceOrientationLandscapeLeft UIInterfaceOrientationLandscapeRight";
				IPHONEOS_DEPLOYMENT_TARGET = 18.0;
				LD_RUNPATH_SEARCH_PATHS = "@executable_path/Frameworks";
				"LD_RUNPATH_SEARCH_PATHS[sdk=macosx*]" = "@executable_path/../Frameworks";
				MACOSX_DEPLOYMENT_TARGET = 15.0;
				MARKETING_VERSION = 1.0;
				PRODUCT_BUNDLE_IDENTIFIER = com.muhiro12.MHPlatformExample;
				PRODUCT_NAME = "$(TARGET_NAME)";
				REGISTER_APP_GROUPS = YES;
				SDKROOT = auto;
				STRING_CATALOG_GENERATE_SYMBOLS = YES;
				SUPPORTED_PLATFORMS = "iphoneos iphonesimulator macosx xros xrsimulator";
				SWIFT_APPROACHABLE_CONCURRENCY = YES;
				SWIFT_DEFAULT_ACTOR_ISOLATION = MainActor;
				SWIFT_EMIT_LOC_STRINGS = YES;
				SWIFT_UPCOMING_FEATURE_MEMBER_IMPORT_VISIBILITY = YES;
				SWIFT_VERSION = 6.0;
				TARGETED_DEVICE_FAMILY = "1,2,7";
				XROS_DEPLOYMENT_TARGET = 26.2;
			};
			name = Release;
		};
/* End XCBuildConfiguration section */

/* Begin XCConfigurationList section */
		ADC37B9B2F5869FF000178F8 /* Build configuration list for PBXProject "MHPlatformExample" */ = {
			isa = XCConfigurationList;
			buildConfigurations = (
				ADC37BAB2F586A00000178F8 /* Debug */,
				ADC37BAC2F586A00000178F8 /* Release */,
			);
			defaultConfigurationIsVisible = 0;
			defaultConfigurationName = Release;
		};
		ADC37BAD2F586A00000178F8 /* Build configuration list for PBXNativeTarget "MHPlatformExample" */ = {
			isa = XCConfigurationList;
			buildConfigurations = (
				ADC37BAE2F586A00000178F8 /* Debug */,
				ADC37BAF2F586A00000178F8 /* Release */,
			);
			defaultConfigurationIsVisible = 0;
			defaultConfigurationName = Release;
		};
/* End XCConfigurationList section */

/* Begin XCLocalSwiftPackageReference section */
		B10000000000000000000004 /* XCLocalSwiftPackageReference ".." */ = {
			isa = XCLocalSwiftPackageReference;
			relativePath = ..;
		};
/* End XCLocalSwiftPackageReference section */

/* Begin XCSwiftPackageProductDependency section */
		B10000000000000000000013 /* MHAppRuntime */ = {
			isa = XCSwiftPackageProductDependency;
			package = B10000000000000000000004 /* XCLocalSwiftPackageReference ".." */;
			productName = MHAppRuntime;
		};
		B10000000000000000000005 /* MHDeepLinking */ = {
			isa = XCSwiftPackageProductDependency;
			package = B10000000000000000000004 /* XCLocalSwiftPackageReference ".." */;
			productName = MHDeepLinking;
		};
		B10000000000000000000006 /* MHNotificationPlans */ = {
			isa = XCSwiftPackageProductDependency;
			package = B10000000000000000000004 /* XCLocalSwiftPackageReference ".." */;
			productName = MHNotificationPlans;
		};
		B10000000000000000000007 /* MHMutationFlow */ = {
			isa = XCSwiftPackageProductDependency;
			package = B10000000000000000000004 /* XCLocalSwiftPackageReference ".." */;
			productName = MHMutationFlow;
		};
		B10000000000000000000009 /* MHPreferences */ = {
			isa = XCSwiftPackageProductDependency;
			package = B10000000000000000000004 /* XCLocalSwiftPackageReference ".." */;
			productName = MHPreferences;
		};
		B1000000000000000000000B /* MHNotificationPayloads */ = {
			isa = XCSwiftPackageProductDependency;
			package = B10000000000000000000004 /* XCLocalSwiftPackageReference ".." */;
			productName = MHNotificationPayloads;
		};
		B1000000000000000000000D /* MHRouteExecution */ = {
			isa = XCSwiftPackageProductDependency;
			package = B10000000000000000000004 /* XCLocalSwiftPackageReference ".." */;
			productName = MHRouteExecution;
		};
		B1000000000000000000000F /* MHPersistenceMaintenance */ = {
			isa = XCSwiftPackageProductDependency;
			package = B10000000000000000000004 /* XCLocalSwiftPackageReference ".." */;
			productName = MHPersistenceMaintenance;
		};
		B10000000000000000000011 /* MHReviewPolicy */ = {
			isa = XCSwiftPackageProductDependency;
			package = B10000000000000000000004 /* XCLocalSwiftPackageReference ".." */;
			productName = MHReviewPolicy;
		};
		B10000000000000000000014 /* MHLogging */ = {
			isa = XCSwiftPackageProductDependency;
			package = B10000000000000000000004 /* XCLocalSwiftPackageReference ".." */;
			productName = MHLogging;
		};
/* End XCSwiftPackageProductDependency section */
	};
	rootObject = ADC37B982F5869FF000178F8 /* Project object */;
}
